
Microsoft Visual Studio Solution File, Format Version 12.00
# Visual Studio 15
VisualStudioVersion = 15.0.28010.2003
MinimumVisualStudioVersion = 10.0.40219.1
Project("{FAE04EC0-301F-11D3-BF4B-00C04F79EFBC}") = "SmartHome", "SmartHome\SmartHome.csproj", "{618F34EE-0FED-48CA-A315-887AD605CFEE}"
EndProject
Global
	GlobalSection(SolutionConfigurationPlatforms) = preSolution
		Debug|Any CPU = Debug|Any CPU
		Release|Any CPU = Release|Any CPU
	EndGlobalSection
	GlobalSection(ProjectConfigurationPlatforms) = postSolution
		{618F34EE-0FED-48CA-A315-887AD605CFEE}.Debug|Any CPU.ActiveCfg = Debug|Any CPU
		{618F34EE-0FED-48CA-A315-887AD605CFEE}.Debug|Any CPU.Build.0 = Debug|Any CPU
		{618F34EE-0FED-48CA-A315-887AD605CFEE}.Release|Any CPU.ActiveCfg = Release|Any CPU
		{618F34EE-0FED-48CA-A315-887AD605CFEE}.Release|Any CPU.Build.0 = Release|Any CPU
	EndGlobalSection
	GlobalSection(SolutionProperties) = preSolution
		HideSolutionNode = FALSE
	EndGlobalSection
	GlobalSection(ExtensibilityGlobals) = postSolution
		SolutionGuid = {E0919180-CB65-4DCA-AEAC-53740303E80A}
	EndGlobalSection
EndGlobal
